Microsoft Visual Studio Solution File, Format Version 12.00
# Visual Studio Version 16
VisualStudioVersion = 16.0.32413.511
MinimumVisualStudioVersion = 10.0.40219.1
Project("{9A19103F-16F7-4668-BE54-9A1E7A4F7556}") = "Okta.Sdk", "src\Okta.Sdk\Okta.Sdk.csproj", "{6F966DFE-45C4-4BE5-A6E7-9F704F079149}"
EndProject
Project("{9A19103F-16F7-4668-BE54-9A1E7A4F7556}") = "Okta.Sdk.IntegrationTest", "src\Okta.Sdk.IntegrationTest\Okta.Sdk.IntegrationTest.csproj", "{1E5D218C-50AD-482D-AD02-FDDA0F4E929D}"
EndProject
Project("{9A19103F-16F7-4668-BE54-9A1E7A4F7556}") = "Okta.Sdk.UnitTest", "src\Okta.Sdk.UnitTest\Okta.Sdk.UnitTest.csproj", "{19F1DEBC-DE5E-4517-8062-F000CD499087}"
EndProject
Global
	GlobalSection(SolutionConfigurationPlatforms) = preSolution
		Debug|Any CPU = Debug|Any CPU
		Release|Any CPU = Release|Any CPU
	EndGlobalSection
	GlobalSection(ProjectConfigurationPlatforms) = postSolution
		{6F966DFE-45C4-4BE5-A6E7-9F704F079149}.Debug|Any CPU.ActiveCfg = Debug|Any CPU
		{6F966DFE-45C4-4BE5-A6E7-9F704F079149}.Debug|Any CPU.Build.0 = Debug|Any CPU
		{6F966DFE-45C4-4BE5-A6E7-9F704F079149}.Release|Any CPU.ActiveCfg = Release|Any CPU
		{6F966DFE-45C4-4BE5-A6E7-9F704F079149}.Release|Any CPU.Build.0 = Release|Any CPU
		{1E5D218C-50AD-482D-AD02-FDDA0F4E929D}.Debug|Any CPU.ActiveCfg = Debug|Any CPU
		{1E5D218C-50AD-482D-AD02-FDDA0F4E929D}.Debug|Any CPU.Build.0 = Debug|Any CPU
		{1E5D218C-50AD-482D-AD02-FDDA0F4E929D}.Release|Any CPU.ActiveCfg = Release|Any CPU
		{1E5D218C-50AD-482D-AD02-FDDA0F4E929D}.Release|Any CPU.Build.0 = Release|Any CPU
		{19F1DEBC-DE5E-4517-8062-F000CD499087}.Debug|Any CPU.ActiveCfg = Debug|Any CPU
		{19F1DEBC-DE5E-4517-8062-F000CD499087}.Debug|Any CPU.Build.0 = Debug|Any CPU
		{19F1DEBC-DE5E-4517-8062-F000CD499087}.Release|Any CPU.ActiveCfg = Release|Any CPU
		{19F1DEBC-DE5E-4517-8062-F000CD499087}.Release|Any CPU.Build.0 = Release|Any CPU
	EndGlobalSection
	GlobalSection(SolutionProperties) = preSolution
		HideSolutionNode = FALSE
	EndGlobalSection
	GlobalSection(ExtensibilityGlobals) = postSolution
		SolutionGuid = {ACBAB1F6-009D-41CF-9791-927614207184}
	EndGlobalSection
EndGlobal
