
Microsoft Visual Studio Solution File, Format Version 12.00
# Visual Studio 15
VisualStudioVersion = 15.0.26228.9
MinimumVisualStudioVersion = 10.0.40219.1
Project("{FAE04EC0-301F-11D3-BF4B-00C04F79EFBC}") = "Okta.Core.Client", "src\Okta.Core.Client\Okta.Core.Client.csproj", "{D9E109C4-C079-420B-9DEE-62A21136E222}"
EndProject
Project("{2150E333-8FDC-42A3-9474-1A3956D46DE8}") = "src", "src", "{D6E4AD5A-78A8-442D-9A25-5EAF3536A395}"
EndProject
Project("{2150E333-8FDC-42A3-9474-1A3956D46DE8}") = "test", "test", "{15433FC8-B081-4792-ADFE-FA3D8D801BED}"
EndProject
Project("{FAE04EC0-301F-11D3-BF4B-00C04F79EFBC}") = "Okta.Core.Tests", "test\Okta.Core.Tests\Okta.Core.Tests.csproj", "{4C5B2180-0503-4D17-8E8F-367011644656}"
EndProject
Project("{FAE04EC0-301F-11D3-BF4B-00C04F79EFBC}") = "Okta.Core.Automation", "src\Okta.Core.Automation\Okta.Core.Automation.csproj", "{41696AD2-3B6E-4FE4-AF00-F6E9B94906DE}"
EndProject
Global
	GlobalSection(SolutionConfigurationPlatforms) = preSolution
		Debug|Any CPU = Debug|Any CPU
		Release|Any CPU = Release|Any CPU
	EndGlobalSection
	GlobalSection(ProjectConfigurationPlatforms) = postSolution
		{D9E109C4-C079-420B-9DEE-62A21136E222}.Debug|Any CPU.ActiveCfg = Debug|Any CPU
		{D9E109C4-C079-420B-9DEE-62A21136E222}.Debug|Any CPU.Build.0 = Debug|Any CPU
		{D9E109C4-C079-420B-9DEE-62A21136E222}.Release|Any CPU.ActiveCfg = Release|Any CPU
		{D9E109C4-C079-420B-9DEE-62A21136E222}.Release|Any CPU.Build.0 = Release|Any CPU
		{4C5B2180-0503-4D17-8E8F-367011644656}.Debug|Any CPU.ActiveCfg = Debug|Any CPU
		{4C5B2180-0503-4D17-8E8F-367011644656}.Debug|Any CPU.Build.0 = Debug|Any CPU
		{4C5B2180-0503-4D17-8E8F-367011644656}.Release|Any CPU.ActiveCfg = Release|Any CPU
		{4C5B2180-0503-4D17-8E8F-367011644656}.Release|Any CPU.Build.0 = Release|Any CPU
		{41696AD2-3B6E-4FE4-AF00-F6E9B94906DE}.Debug|Any CPU.ActiveCfg = Debug|Any CPU
		{41696AD2-3B6E-4FE4-AF00-F6E9B94906DE}.Debug|Any CPU.Build.0 = Debug|Any CPU
		{41696AD2-3B6E-4FE4-AF00-F6E9B94906DE}.Release|Any CPU.ActiveCfg = Release|Any CPU
		{41696AD2-3B6E-4FE4-AF00-F6E9B94906DE}.Release|Any CPU.Build.0 = Release|Any CPU
	EndGlobalSection
	GlobalSection(SolutionProperties) = preSolution
		HideSolutionNode = FALSE
	EndGlobalSection
	GlobalSection(NestedProjects) = preSolution
		{D9E109C4-C079-420B-9DEE-62A21136E222} = {D6E4AD5A-78A8-442D-9A25-5EAF3536A395}
		{4C5B2180-0503-4D17-8E8F-367011644656} = {15433FC8-B081-4792-ADFE-FA3D8D801BED}
		{41696AD2-3B6E-4FE4-AF00-F6E9B94906DE} = {D6E4AD5A-78A8-442D-9A25-5EAF3536A395}
	EndGlobalSection
EndGlobal
